
Microsoft Visual Studio Solution File, Format Version 12.00
Project("{FAE04EC0-301F-11D3-BF4B-00C04F79EFBC}") = "Task1", "Task1\Task1.csproj", "{96A5041A-4914-4634-9002-BD85E892BA68}"
EndProject
Project("{FAE04EC0-301F-11D3-BF4B-00C04F79EFBC}") = "Task2", "Task2\Task2.csproj", "{8932F07F-88A7-4B39-B5F3-72D297C102B2}"
EndProject
Project("{FAE04EC0-301F-11D3-BF4B-00C04F79EFBC}") = "Task3Solution", "Task3Solution\Task3Solution.csproj", "{8185E6F5-A7D5-4FE4-8120-8FB5E7CCF440}"
EndProject
Project("{FAE04EC0-301F-11D3-BF4B-00C04F79EFBC}") = "Task4Solution", "Task4Solution\Task4Solution.csproj", "{13081B89-29D5-487B-AB09-54858ACCF94E}"
EndProject
Project("{FAE04EC0-301F-11D3-BF4B-00C04F79EFBC}") = "Task5Solution", "Task5Solution\Task5Solution.csproj", "{421AEA62-C183-47ED-935F-C027E047E054}"
EndProject
Project("{FAE04EC0-301F-11D3-BF4B-00C04F79EFBC}") = "BankingSystemApp", "BankingSystemApp\BankingSystemApp.csproj", "{D536E12D-9FCE-4503-8513-1D0937B9B9EB}"
EndProject
Project("{FAE04EC0-301F-11D3-BF4B-00C04F79EFBC}") = "Sprint2Task1", "Sprint2Task1\Sprint2Task1.csproj", "{6270DB67-5C82-4C55-A7CD-5675D7C96926}"
EndProject
Project("{FAE04EC0-301F-11D3-BF4B-00C04F79EFBC}") = "Sprint3DB", "Sprint3DB\Sprint3DB.csproj", "{EAB3302E-3007-4BC7-ABA0-43F49D11DD7D}"
EndProject
Global
	GlobalSection(SolutionConfigurationPlatforms) = preSolution
		Debug|Any CPU = Debug|Any CPU
		Release|Any CPU = Release|Any CPU
	EndGlobalSection
	GlobalSection(ProjectConfigurationPlatforms) = postSolution
		{96A5041A-4914-4634-9002-BD85E892BA68}.Debug|Any CPU.ActiveCfg = Debug|Any CPU
		{96A5041A-4914-4634-9002-BD85E892BA68}.Debug|Any CPU.Build.0 = Debug|Any CPU
		{96A5041A-4914-4634-9002-BD85E892BA68}.Release|Any CPU.ActiveCfg = Release|Any CPU
		{96A5041A-4914-4634-9002-BD85E892BA68}.Release|Any CPU.Build.0 = Release|Any CPU
		{8932F07F-88A7-4B39-B5F3-72D297C102B2}.Debug|Any CPU.ActiveCfg = Debug|Any CPU
		{8932F07F-88A7-4B39-B5F3-72D297C102B2}.Debug|Any CPU.Build.0 = Debug|Any CPU
		{8932F07F-88A7-4B39-B5F3-72D297C102B2}.Release|Any CPU.ActiveCfg = Release|Any CPU
		{8932F07F-88A7-4B39-B5F3-72D297C102B2}.Release|Any CPU.Build.0 = Release|Any CPU
		{8185E6F5-A7D5-4FE4-8120-8FB5E7CCF440}.Debug|Any CPU.ActiveCfg = Debug|Any CPU
		{8185E6F5-A7D5-4FE4-8120-8FB5E7CCF440}.Debug|Any CPU.Build.0 = Debug|Any CPU
		{8185E6F5-A7D5-4FE4-8120-8FB5E7CCF440}.Release|Any CPU.ActiveCfg = Release|Any CPU
		{8185E6F5-A7D5-4FE4-8120-8FB5E7CCF440}.Release|Any CPU.Build.0 = Release|Any CPU
		{13081B89-29D5-487B-AB09-54858ACCF94E}.Debug|Any CPU.ActiveCfg = Debug|Any CPU
		{13081B89-29D5-487B-AB09-54858ACCF94E}.Debug|Any CPU.Build.0 = Debug|Any CPU
		{13081B89-29D5-487B-AB09-54858ACCF94E}.Release|Any CPU.ActiveCfg = Release|Any CPU
		{13081B89-29D5-487B-AB09-54858ACCF94E}.Release|Any CPU.Build.0 = Release|Any CPU
		{421AEA62-C183-47ED-935F-C027E047E054}.Debug|Any CPU.ActiveCfg = Debug|Any CPU
		{421AEA62-C183-47ED-935F-C027E047E054}.Debug|Any CPU.Build.0 = Debug|Any CPU
		{421AEA62-C183-47ED-935F-C027E047E054}.Release|Any CPU.ActiveCfg = Release|Any CPU
		{421AEA62-C183-47ED-935F-C027E047E054}.Release|Any CPU.Build.0 = Release|Any CPU
		{D536E12D-9FCE-4503-8513-1D0937B9B9EB}.Debug|Any CPU.ActiveCfg = Debug|Any CPU
		{D536E12D-9FCE-4503-8513-1D0937B9B9EB}.Debug|Any CPU.Build.0 = Debug|Any CPU
		{D536E12D-9FCE-4503-8513-1D0937B9B9EB}.Release|Any CPU.ActiveCfg = Release|Any CPU
		{D536E12D-9FCE-4503-8513-1D0937B9B9EB}.Release|Any CPU.Build.0 = Release|Any CPU
		{6270DB67-5C82-4C55-A7CD-5675D7C96926}.Debug|Any CPU.ActiveCfg = Debug|Any CPU
		{6270DB67-5C82-4C55-A7CD-5675D7C96926}.Debug|Any CPU.Build.0 = Debug|Any CPU
		{6270DB67-5C82-4C55-A7CD-5675D7C96926}.Release|Any CPU.ActiveCfg = Release|Any CPU
		{6270DB67-5C82-4C55-A7CD-5675D7C96926}.Release|Any CPU.Build.0 = Release|Any CPU
		{EAB3302E-3007-4BC7-ABA0-43F49D11DD7D}.Debug|Any CPU.ActiveCfg = Debug|Any CPU
		{EAB3302E-3007-4BC7-ABA0-43F49D11DD7D}.Debug|Any CPU.Build.0 = Debug|Any CPU
		{EAB3302E-3007-4BC7-ABA0-43F49D11DD7D}.Release|Any CPU.ActiveCfg = Release|Any CPU
		{EAB3302E-3007-4BC7-ABA0-43F49D11DD7D}.Release|Any CPU.Build.0 = Release|Any CPU
	EndGlobalSection
EndGlobal
